{
	"name": "@proccheck-html/core",
	"version": "0.0.0",
	"lockfileVersion": 1,
	"requires": true,
	"dependencies": {
		"@types/node": {
			"version": "11.13.14",
			"resolved": "https://registry.npmjs.org/@types/node/-/node-11.13.14.tgz",
			"integrity": "sha512-9NjFOB6UUGjJLNANmyIouuaN8YPsPgC4DCOd5lU+DL7HSX/RCfzz0JOtHlspEJq1Ll/JUu/8Cm4wzxpZ8w5sjQ=="
		}
	}
}
